{
  "name": "miniprogram-ts-quickstart",
  "version": "1.0.0",
  "lockfileVersion": 1,
  "requires": true,
  "dependencies": {
    "miniprogram-api-typings": {
      "version": "2.12.0",
      "resolved": "https://registry.nlark.com/miniprogram-api-typings/download/miniprogram-api-typings-2.12.0.tgz?cache=0&sync_timestamp=1625664528727&other_urls=https%3A%2F%2Fregistry.nlark.com%2Fminiprogram-api-typings%2Fdownload%2Fminiprogram-api-typings-2.12.0.tgz",
      "integrity": "sha1-einJDz5e+jZYhCLR8B4i0zlKqqE=",
      "dev": true
    },
    "typescript": {
      "version": "3.9.10",
      "resolved": "https://registry.nlark.com/typescript/download/typescript-3.9.10.tgz",
      "integrity": "sha1-cPORCselHta+952ngAaQsZv3eLg=",
      "dev": true
    }
  }
}
