{
  "name": "weapp_login_template",
  "version": "1.0.0",
  "lockfileVersion": 2,
  "requires": true,
  "packages": {
    "": {
      "name": "weapp_login_template",
      "version": "1.0.0",
      "license": "ISC",
      "dependencies": {
        "wechatcanvas": "^1.0.1"
      }
    },
    "node_modules/wechatcanvas": {
      "version": "1.0.1",
      "resolved": "https://registry.npmjs.org/wechatcanvas/-/wechatcanvas-1.0.1.tgz",
      "integrity": "sha512-2feAuAsG5Huay7KmnzZS43utleQ76I5lalye4lEi9F0VELQtj1q/kxyFfjwaUziB/B3KLgoW6+Z3CpVvE1Q7kg=="
    }
  },
  "dependencies": {
    "wechatcanvas": {
      "version": "1.0.1",
      "resolved": "https://registry.npmjs.org/wechatcanvas/-/wechatcanvas-1.0.1.tgz",
      "integrity": "sha512-2feAuAsG5Huay7KmnzZS43utleQ76I5lalye4lEi9F0VELQtj1q/kxyFfjwaUziB/B3KLgoW6+Z3CpVvE1Q7kg=="
    }
  }
}
